{
  "name": "@moneyshare/common-types",
  "version": "1.0.2",
  "lockfileVersion": 1,
  "requires": true,
  "dependencies": {
    "@types/node": {
      "version": "13.11.0",
      "resolved": "https://registry.npmjs.org/@types/node/-/node-13.11.0.tgz",
      "integrity": "sha512-uM4mnmsIIPK/yeO+42F2RQhGUIs39K2RFmugcJANppXe6J1nvH87PvzPZYpza7Xhhs8Yn9yIAVdLZ84z61+0xQ=="
    },
    "@types/stripe": {
      "version": "7.13.22",
      "resolved": "https://registry.npmjs.org/@types/stripe/-/stripe-7.13.22.tgz",
      "integrity": "sha512-iAYycvdjpquHGvPymWSzplrLENxp4SiBre2mfAqNOqPNS6UtVCHcYz5g9Gqlci0fCekqvUbeiARJ/VmovBqIMA==",
      "requires": {
        "@types/node": "*"
      }
    },
    "qs": {
      "version": "6.9.3",
      "resolved": "https://registry.npmjs.org/qs/-/qs-6.9.3.tgz",
      "integrity": "sha512-EbZYNarm6138UKKq46tdx08Yo/q9ZhFoAXAI1meAFd2GtbRDhbZY2WQSICskT0c5q99aFzLG1D4nvTk9tqfXIw=="
    },
    "stripe": {
      "version": "8.39.1",
      "resolved": "https://registry.npmjs.org/stripe/-/stripe-8.39.1.tgz",
      "integrity": "sha512-CfZU63APVWDwRz7PkKtw/DkixwqgvlYrBYj3Z+j5SiBzjTO+OOV8zjayQUWeZKN9W6dMRSJR1no7/VCCUbarYg==",
      "requires": {
        "@types/node": ">=8.1.0",
        "qs": "^6.6.0"
      }
    },
    "typescript": {
      "version": "3.6.3",
      "resolved": "https://registry.npmjs.org/typescript/-/typescript-3.6.3.tgz",
      "integrity": "sha512-N7bceJL1CtRQ2RiG0AQME13ksR7DiuQh/QehubYcghzv20tnh+MQnQIuJddTmsbqYj+dztchykemz0zFzlvdQw==",
      "dev": true
    }
  }
}
